{
  "name": "ai-image-editor",
  "version": "0.1.0",
  "lockfileVersion": 3,
  "requires": true,
  "packages": {
    "": {
      "name": "ai-image-editor",
      "version": "0.1.0",
      "license": "MIT",
      "workspaces": ["apps/*", "packages/*"],
      "devDependencies": {
        "concurrently": "^9.1.2",
        "eslint": "^9.17.0",
        "typescript": "^5.7.2"
      }
    }
  }
}
